lockfileVersion: '9.0'

settings:
  autoInstallPeers: true
  excludeLinksFromLockfile: false

importers:

  .:
    dependencies:
      hls.js:
        specifier: ^1.1.4
        version: 1.6.15

packages:

  hls.js@1.6.15:
    resolution: {integrity: sha512-E3a5VwgXimGHwpRGV+WxRTKeSp2DW5DI5MWv34ulL3t5UNmyJWCQ1KmLEHbYzcfThfXG8amBL+fCYPneGHC4VA==}

snapshots:

  hls.js@1.6.15: {}
