lockfileVersion: '9.0'

settings:
  autoInstallPeers: true
  excludeLinksFromLockfile: false

importers:

  .:
    dependencies:
      hls.js:
        specifier: ^1.6.16
        version: 1.6.16

packages:

  hls.js@1.6.16:
    resolution: {integrity: sha512-VSIRpLfRwlAAdGL4wiTucx2ScRipo0ed1FBatWkyt832jC4CReKstga6yIhYVwGu9LOBjuX9wzmRMeQdBJtzEA==}

snapshots:

  hls.js@1.6.16: {}
